// !$*UTF8*$!
{
	archiveVersion = 1;
	classes = {
	};
	objectVersion = 56;
	objects = {

/* Begin PBXBuildFile section */
		003D0E492AE0503300EE32BA /* LocationsListView.swift in Sources */ = {isa = PBXBuildFile; fileRef = 003D0E482AE0503300EE32BA /* LocationsListView.swift */; };
		003D0E4B2AE069EE00EE32BA /* LocationPreviewView.swift in Sources */ = {isa = PBXBuildFile; fileRef = 003D0E4A2AE069EE00EE32BA /* LocationPreviewView.swift */; };
		003E8A6C2ABC8B3800B0FFFD /* SwiftfulMapAppApp.swift in Sources */ = {isa = PBXBuildFile; fileRef = 003E8A6B2ABC8B3800B0FFFD /* SwiftfulMapAppApp.swift */; };
		003E8A732ABC8B3900B0FFFD /* Preview Assets.xcassets in Resources */ = {isa = PBXBuildFile; fileRef = 003E8A722ABC8B3900B0FFFD /* Preview Assets.xcassets */; };
		003E8A7A2ABC8C4600B0FFFD /* Assets.xcassets in Resources */ = {isa = PBXBuildFile; fileRef = 003E8A792ABC8C4600B0FFFD /* Assets.xcassets */; };
		003E8A7F2ABC8D3D00B0FFFD /* Location.swift in Sources */ = {isa = PBXBuildFile; fileRef = 003E8A7E2ABC8D3D00B0FFFD /* Location.swift */; };
		003E8A822ABC8E7D00B0FFFD /* LocationsDataService.swift in Sources */ = {isa = PBXBuildFile; fileRef = 003E8A812ABC8E7D00B0FFFD /* LocationsDataService.swift */; };
		003E8A842ABC8FB000B0FFFD /* LocationsView.swift in Sources */ = {isa = PBXBuildFile; fileRef = 003E8A832ABC8FB000B0FFFD /* LocationsView.swift */; };
		003E8A862ABC97D300B0FFFD /* LocationsViewModel.swift in Sources */ = {isa = PBXBuildFile; fileRef = 003E8A852ABC97D300B0FFFD /* LocationsViewModel.swift */; };
		00B8EDC02AE42154007A21A7 /* LocationMapAnnotionView.swift in Sources */ = {isa = PBXBuildFile; fileRef = 00B8EDBF2AE42154007A21A7 /* LocationMapAnnotionView.swift */; };
		00B8EDC22AE42812007A21A7 /* LocationViewDetail.swift in Sources */ = {isa = PBXBuildFile; fileRef = 00B8EDC12AE42812007A21A7 /* LocationViewDetail.swift */; };
		00F351212C8875EC00E753C2 /* Localizable.xcstrings in Resources */ = {isa = PBXBuildFile; fileRef = 00F351202C8875EC00E753C2 /* Localizable.xcstrings */; };
/* End PBXBuildFile section */

/* Begin PBXFileReference section */
		003D0E482AE0503300EE32BA /* LocationsListView.swift */ = {isa = PBXFileReference; lastKnownFileType = sourcecode.swift; path = LocationsListView.swift; sourceTree = "<group>"; };
		003D0E4A2AE069EE00EE32BA /* LocationPreviewView.swift */ = {isa = PBXFileReference; lastKnownFileType = sourcecode.swift; path = LocationPreviewView.swift; sourceTree = "<group>"; };
		003E8A682ABC8B3800B0FFFD /* SwiftfulMapApp.app */ = {isa = PBXFileReference; explicitFileType = wrapper.application; includeInIndex = 0; path = SwiftfulMapApp.app; sourceTree = BUILT_PRODUCTS_DIR; };
		003E8A6B2ABC8B3800B0FFFD /* SwiftfulMapAppApp.swift */ = {isa = PBXFileReference; lastKnownFileType = sourcecode.swift; path = SwiftfulMapAppApp.swift; sourceTree = "<group>"; };
		003E8A722ABC8B3900B0FFFD /* Preview Assets.xcassets */ = {isa = PBXFileReference; lastKnownFileType = folder.assetcatalog; path = "Preview Assets.xcassets"; sourceTree = "<group>"; };
		003E8A792ABC8C4600B0FFFD /* Assets.xcassets */ = {isa = PBXFileReference; lastKnownFileType = folder.assetcatalog; path = Assets.xcassets; sourceTree = "<group>"; };
		003E8A7E2ABC8D3D00B0FFFD /* Location.swift */ = {isa = PBXFileReference; lastKnownFileType = sourcecode.swift; path = Location.swift; sourceTree = "<group>"; };
		003E8A812ABC8E7D00B0FFFD /* LocationsDataService.swift */ = {isa = PBXFileReference; fileEncoding = 4; lastKnownFileType = sourcecode.swift; path = LocationsDataService.swift; sourceTree = "<group>"; };
		003E8A832ABC8FB000B0FFFD /* LocationsView.swift */ = {isa = PBXFileReference; lastKnownFileType = sourcecode.swift; path = LocationsView.swift; sourceTree = "<group>"; };
		003E8A852ABC97D300B0FFFD /* LocationsViewModel.swift */ = {isa = PBXFileReference; lastKnownFileType = sourcecode.swift; path = LocationsViewModel.swift; sourceTree = "<group>"; };
		00B8EDBF2AE42154007A21A7 /* LocationMapAnnotionView.swift */ = {isa = PBXFileReference; lastKnownFileType = sourcecode.swift; path = LocationMapAnnotionView.swift; sourceTree = "<group>"; };
		00B8EDC12AE42812007A21A7 /* LocationViewDetail.swift */ = {isa = PBXFileReference; lastKnownFileType = sourcecode.swift; path = LocationViewDetail.swift; sourceTree = "<group>"; };
		00F351202C8875EC00E753C2 /* Localizable.xcstrings */ = {isa = PBXFileReference; lastKnownFileType = text.json.xcstrings; path = Localizable.xcstrings; sourceTree = "<group>"; };
/* End PBXFileReference section */

/* Begin PBXFrameworksBuildPhase section */
		003E8A652ABC8B3800B0FFFD /* Frameworks */ = {
			isa = PBXFrameworksBuildPhase;
			buildActionMask = 2147483647;
			files = (
			);
			runOnlyForDeploymentPostprocessing = 0;
		};
/* End PBXFrameworksBuildPhase section */

/* Begin PBXGroup section */
		003E8A5F2ABC8B3800B0FFFD = {
			isa = PBXGroup;
			children = (
				00F351202C8875EC00E753C2 /* Localizable.xcstrings */,
				003E8A6A2ABC8B3800B0FFFD /* SwiftfulMapApp */,
				003E8A692ABC8B3800B0FFFD /* Products */,
			);
			sourceTree = "<group>";
		};
		003E8A692ABC8B3800B0FFFD /* Products */ = {
			isa = PBXGroup;
			children = (
				003E8A682ABC8B3800B0FFFD /* SwiftfulMapApp.app */,
			);
			name = Products;
			sourceTree = "<group>";
		};
		003E8A6A2ABC8B3800B0FFFD /* SwiftfulMapApp */ = {
			isa = PBXGroup;
			children = (
				003E8A6B2ABC8B3800B0FFFD /* SwiftfulMapAppApp.swift */,
				003E8A802ABC8E6B00B0FFFD /* DataServies */,
				003E8A7C2ABC8CFD00B0FFFD /* Views */,
				003E8A7D2ABC8D0200B0FFFD /* ViewModels */,
				003E8A7B2ABC8CF600B0FFFD /* Models */,
				003E8A792ABC8C4600B0FFFD /* Assets.xcassets */,
				003E8A712ABC8B3900B0FFFD /* Preview Content */,
			);
			path = SwiftfulMapApp;
			sourceTree = "<group>";
		};
		003E8A712ABC8B3900B0FFFD /* Preview Content */ = {
			isa = PBXGroup;
			children = (
				003E8A722ABC8B3900B0FFFD /* Preview Assets.xcassets */,
			);
			path = "Preview Content";
			sourceTree = "<group>";
		};
		003E8A7B2ABC8CF600B0FFFD /* Models */ = {
			isa = PBXGroup;
			children = (
				003E8A7E2ABC8D3D00B0FFFD /* Location.swift */,
			);
			path = Models;
			sourceTree = "<group>";
		};
		003E8A7C2ABC8CFD00B0FFFD /* Views */ = {
			isa = PBXGroup;
			children = (
				003E8A832ABC8FB000B0FFFD /* LocationsView.swift */,
				003D0E4A2AE069EE00EE32BA /* LocationPreviewView.swift */,
				003D0E482AE0503300EE32BA /* LocationsListView.swift */,
				00B8EDBF2AE42154007A21A7 /* LocationMapAnnotionView.swift */,
				00B8EDC12AE42812007A21A7 /* LocationViewDetail.swift */,
			);
			path = Views;
			sourceTree = "<group>";
		};
		003E8A7D2ABC8D0200B0FFFD /* ViewModels */ = {
			isa = PBXGroup;
			children = (
				003E8A852ABC97D300B0FFFD /* LocationsViewModel.swift */,
			);
			path = ViewModels;
			sourceTree = "<group>";
		};
		003E8A802ABC8E6B00B0FFFD /* DataServies */ = {
			isa = PBXGroup;
			children = (
				003E8A812ABC8E7D00B0FFFD /* LocationsDataService.swift */,
			);
			path = DataServies;
			sourceTree = "<group>";
		};
/* End PBXGroup section */

/* Begin PBXNativeTarget section */
		003E8A672ABC8B3800B0FFFD /* SwiftfulMapApp */ = {
			isa = PBXNativeTarget;
			buildConfigurationList = 003E8A762ABC8B3900B0FFFD /* Build configuration list for PBXNativeTarget "SwiftfulMapApp" */;
			buildPhases = (
				003E8A642ABC8B3800B0FFFD /* Sources */,
				003E8A652ABC8B3800B0FFFD /* Frameworks */,
				003E8A662ABC8B3800B0FFFD /* Resources */,
			);
			buildRules = (
			);
			dependencies = (
			);
			name = SwiftfulMapApp;
			productName = SwiftfulMapApp;
			productReference = 003E8A682ABC8B3800B0FFFD /* SwiftfulMapApp.app */;
			productType = "com.apple.product-type.application";
		};
/* End PBXNativeTarget section */

/* Begin PBXProject section */
		003E8A602ABC8B3800B0FFFD /* Project object */ = {
			isa = PBXProject;
			attributes = {
				BuildIndependentTargetsInParallel = 1;
				LastSwiftUpdateCheck = 1430;
				LastUpgradeCheck = 1430;
				TargetAttributes = {
					003E8A672ABC8B3800B0FFFD = {
						CreatedOnToolsVersion = 14.3.1;
					};
				};
			};
			buildConfigurationList = 003E8A632ABC8B3800B0FFFD /* Build configuration list for PBXProject "SwiftfulMapApp" */;
			compatibilityVersion = "Xcode 14.0";
			developmentRegion = en;
			hasScannedForEncodings = 0;
			knownRegions = (
				en,
				Base,
				ar,
			);
			mainGroup = 003E8A5F2ABC8B3800B0FFFD;
			productRefGroup = 003E8A692ABC8B3800B0FFFD /* Products */;
			projectDirPath = "";
			projectRoot = "";
			targets = (
				003E8A672ABC8B3800B0FFFD /* SwiftfulMapApp */,
			);
		};
/* End PBXProject section */

/* Begin PBXResourcesBuildPhase section */
		003E8A662ABC8B3800B0FFFD /* Resources */ = {
			isa = PBXResourcesBuildPhase;
			buildActionMask = 2147483647;
			files = (
				003E8A7A2ABC8C4600B0FFFD /* Assets.xcassets in Resources */,
				003E8A732ABC8B3900B0FFFD /* Preview Assets.xcassets in Resources */,
				00F351212C8875EC00E753C2 /* Localizable.xcstrings in Resources */,
			);
			runOnlyForDeploymentPostprocessing = 0;
		};
/* End PBXResourcesBuildPhase section */

/* Begin PBXSourcesBuildPhase section */
		003E8A642ABC8B3800B0FFFD /* Sources */ = {
			isa = PBXSourcesBuildPhase;
			buildActionMask = 2147483647;
			files = (
				00B8EDC02AE42154007A21A7 /* LocationMapAnnotionView.swift in Sources */,
				003E8A822ABC8E7D00B0FFFD /* LocationsDataService.swift in Sources */,
				003E8A7F2ABC8D3D00B0FFFD /* Location.swift in Sources */,
				00B8EDC22AE42812007A21A7 /* LocationViewDetail.swift in Sources */,
				003E8A842ABC8FB000B0FFFD /* LocationsView.swift in Sources */,
				003D0E492AE0503300EE32BA /* LocationsListView.swift in Sources */,
				003D0E4B2AE069EE00EE32BA /* LocationPreviewView.swift in Sources */,
				003E8A6C2ABC8B3800B0FFFD /* SwiftfulMapAppApp.swift in Sources */,
				003E8A862ABC97D300B0FFFD /* LocationsViewModel.swift in Sources */,
			);
			runOnlyForDeploymentPostprocessing = 0;
		};
/* End PBXSourcesBuildPhase section */

/* Begin XCBuildConfiguration section */
		003E8A742ABC8B3900B0FFFD /* Debug */ = {
			isa = XCBuildConfiguration;
			buildSettings = {
				ALWAYS_SEARCH_USER_PATHS = NO;
				CLANG_ANALYZER_NONNULL = YES;
				CLANG_ANALYZER_NUMBER_OBJECT_CONVERSION = YES_AGGRESSIVE;
				CLANG_CXX_LANGUAGE_STANDARD = "gnu++20";
				CLANG_ENABLE_MODULES = YES;
				CLANG_ENABLE_OBJC_ARC = YES;
				CLANG_ENABLE_OBJC_WEAK = YES;
				CLANG_WARN_BLOCK_CAPTURE_AUTORELEASING = YES;
				CLANG_WARN_BOOL_CONVERSION = YES;
				CLANG_WARN_COMMA = YES;
				CLANG_WARN_CONSTANT_CONVERSION = YES;
				CLANG_WARN_DEPRECATED_OBJC_IMPLEMENTATIONS = YES;
				CLANG_WARN_DIRECT_OBJC_ISA_USAGE = YES_ERROR;
				CLANG_WARN_DOCUMENTATION_COMMENTS = YES;
				CLANG_WARN_EMPTY_BODY = YES;
				CLANG_WARN_ENUM_CONVERSION = YES;
				CLANG_WARN_INFINITE_RECURSION = YES;
				CLANG_WARN_INT_CONVERSION = YES;
				CLANG_WARN_NON_LITERAL_NULL_CONVERSION = YES;
				CLANG_WARN_OBJC_IMPLICIT_RETAIN_SELF = YES;
				CLANG_WARN_OBJC_LITERAL_CONVERSION = YES;
				CLANG_WARN_OBJC_ROOT_CLASS = YES_ERROR;
				CLANG_WARN_QUOTED_INCLUDE_IN_FRAMEWORK_HEADER = YES;
				CLANG_WARN_RANGE_LOOP_ANALYSIS = YES;
				CLANG_WARN_STRICT_PROTOTYPES = YES;
				CLANG_WARN_SUSPICIOUS_MOVE = YES;
				CLANG_WARN_UNGUARDED_AVAILABILITY = YES_AGGRESSIVE;
				CLANG_WARN_UNREACHABLE_CODE = YES;
				CLANG_WARN__DUPLICATE_METHOD_MATCH = YES;
				COPY_PHASE_STRIP = NO;
				DEBUG_INFORMATION_FORMAT = dwarf;
				ENABLE_STRICT_OBJC_MSGSEND = YES;
				ENABLE_TESTABILITY = YES;
				GCC_C_LANGUAGE_STANDARD = gnu11;
				GCC_DYNAMIC_NO_PIC = NO;
				GCC_NO_COMMON_BLOCKS = YES;
				GCC_OPTIMIZATION_LEVEL = 0;
				GCC_PREPROCESSOR_DEFINITIONS = (
					"DEBUG=1",
					"$(inherited)",
				);
				GCC_WARN_64_TO_32_BIT_CONVERSION = YES;
				GCC_WARN_ABOUT_RETURN_TYPE = YES_ERROR;
				GCC_WARN_UNDECLARED_SELECTOR = YES;
				GCC_WARN_UNINITIALIZED_AUTOS = YES_AGGRESSIVE;
				GCC_WARN_UNUSED_FUNCTION = YES;
				GCC_WARN_UNUSED_VARIABLE = YES;
				IPHONEOS_DEPLOYMENT_TARGET = 16.4;
				MTL_ENABLE_DEBUG_INFO = INCLUDE_SOURCE;
				MTL_FAST_MATH = YES;
				ONLY_ACTIVE_ARCH = YES;
				SDKROOT = iphoneos;
				SWIFT_ACTIVE_COMPILATION_CONDITIONS = DEBUG;
				SWIFT_OPTIMIZATION_LEVEL = "-Onone";
			};
			name = Debug;
		};
		003E8A752ABC8B3900B0FFFD /* Release */ = {
			isa = XCBuildConfiguration;
			buildSettings = {
				ALWAYS_SEARCH_USER_PATHS = NO;
				CLANG_ANALYZER_NONNULL = YES;
				CLANG_ANALYZER_NUMBER_OBJECT_CONVERSION = YES_AGGRESSIVE;
				CLANG_CXX_LANGUAGE_STANDARD = "gnu++20";
				CLANG_ENABLE_MODULES = YES;
				CLANG_ENABLE_OBJC_ARC = YES;
				CLANG_ENABLE_OBJC_WEAK = YES;
				CLANG_WARN_BLOCK_CAPTURE_AUTORELEASING = YES;
				CLANG_WARN_BOOL_CONVERSION = YES;
				CLANG_WARN_COMMA = YES;
				CLANG_WARN_CONSTANT_CONVERSION = YES;
				CLANG_WARN_DEPRECATED_OBJC_IMPLEMENTATIONS = YES;
				CLANG_WARN_DIRECT_OBJC_ISA_USAGE = YES_ERROR;
				CLANG_WARN_DOCUMENTATION_COMMENTS = YES;
				CLANG_WARN_EMPTY_BODY = YES;
				CLANG_WARN_ENUM_CONVERSION = YES;
				CLANG_WARN_INFINITE_RECURSION = YES;
				CLANG_WARN_INT_CONVERSION = YES;
				CLANG_WARN_NON_LITERAL_NULL_CONVERSION = YES;
				CLANG_WARN_OBJC_IMPLICIT_RETAIN_SELF = YES;
				CLANG_WARN_OBJC_LITERAL_CONVERSION = YES;
				CLANG_WARN_OBJC_ROOT_CLASS = YES_ERROR;
				CLANG_WARN_QUOTED_INCLUDE_IN_FRAMEWORK_HEADER = YES;
				CLANG_WARN_RANGE_LOOP_ANALYSIS = YES;
				CLANG_WARN_STRICT_PROTOTYPES = YES;
				CLANG_WARN_SUSPICIOUS_MOVE = YES;
				CLANG_WARN_UNGUARDED_AVAILABILITY = YES_AGGRESSIVE;
				CLANG_WARN_UNREACHABLE_CODE = YES;
				CLANG_WARN__DUPLICATE_METHOD_MATCH = YES;
				COPY_PHASE_STRIP = NO;
				DEBUG_INFORMATION_FORMAT = "dwarf-with-dsym";
				ENABLE_NS_ASSERTIONS = NO;
				ENABLE_STRICT_OBJC_MSGSEND = YES;
				GCC_C_LANGUAGE_STANDARD = gnu11;
				GCC_NO_COMMON_BLOCKS = YES;
				GCC_WARN_64_TO_32_BIT_CONVERSION = YES;
				GCC_WARN_ABOUT_RETURN_TYPE = YES_ERROR;
				GCC_WARN_UNDECLARED_SELECTOR = YES;
				GCC_WARN_UNINITIALIZED_AUTOS = YES_AGGRESSIVE;
				GCC_WARN_UNUSED_FUNCTION = YES;
				GCC_WARN_UNUSED_VARIABLE = YES;
				IPHONEOS_DEPLOYMENT_TARGET = 16.4;
				MTL_ENABLE_DEBUG_INFO = NO;
				MTL_FAST_MATH = YES;
				SDKROOT = iphoneos;
				SWIFT_COMPILATION_MODE = wholemodule;
				SWIFT_OPTIMIZATION_LEVEL = "-O";
				VALIDATE_PRODUCT = YES;
			};
			name = Release;
		};
		003E8A772ABC8B3900B0FFFD /* Debug */ = {
			isa = XCBuildConfiguration;
			buildSettings = {
				ASSETCATALOG_COMPILER_APPICON_NAME = AppIcon;
				ASSETCATALOG_COMPILER_GLOBAL_ACCENT_COLOR_NAME = AccentColor;
				CODE_SIGN_STYLE = Automatic;
				CURRENT_PROJECT_VERSION = 1;
				DEVELOPMENT_ASSET_PATHS = "\"SwiftfulMapApp/Preview Content\"";
				ENABLE_PREVIEWS = YES;
				GENERATE_INFOPLIST_FILE = YES;
				INFOPLIST_KEY_UIApplicationSceneManifest_Generation = YES;
				INFOPLIST_KEY_UIApplicationSupportsIndirectInputEvents = YES;
				INFOPLIST_KEY_UILaunchScreen_Generation = YES;
				INFOPLIST_KEY_UISupportedInterfaceOrientations_iPad = "UIInterfaceOrientationPortrait UIInterfaceOrientationPortraitUpsideDown UIInterfaceOrientationLandscapeLeft UIInterfaceOrientationLandscapeRight";
				INFOPLIST_KEY_UISupportedInterfaceOrientations_iPhone = "UIInterfaceOrientationPortrait UIInterfaceOrientationLandscapeLeft UIInterfaceOrientationLandscapeRight";
				LD_RUNPATH_SEARCH_PATHS = (
					"$(inherited)",
					"@executable_path/Frameworks",
				);
				MARKETING_VERSION = 1.0;
				PRODUCT_BUNDLE_IDENTIFIER = com.ahmedfathy.SwiftfulMapApp;
				PRODUCT_NAME = "$(TARGET_NAME)";
				SWIFT_EMIT_LOC_STRINGS = YES;
				SWIFT_VERSION = 5.0;
				TARGETED_DEVICE_FAMILY = "1,2";
			};
			name = Debug;
		};
		003E8A782ABC8B3900B0FFFD /* Release */ = {
			isa = XCBuildConfiguration;
			buildSettings = {
				ASSETCATALOG_COMPILER_APPICON_NAME = AppIcon;
				ASSETCATALOG_COMPILER_GLOBAL_ACCENT_COLOR_NAME = AccentColor;
				CODE_SIGN_STYLE = Automatic;
				CURRENT_PROJECT_VERSION = 1;
				DEVELOPMENT_ASSET_PATHS = "\"SwiftfulMapApp/Preview Content\"";
				ENABLE_PREVIEWS = YES;
				GENERATE_INFOPLIST_FILE = YES;
				INFOPLIST_KEY_UIApplicationSceneManifest_Generation = YES;
				INFOPLIST_KEY_UIApplicationSupportsIndirectInputEvents = YES;
				INFOPLIST_KEY_UILaunchScreen_Generation = YES;
				INFOPLIST_KEY_UISupportedInterfaceOrientations_iPad = "UIInterfaceOrientationPortrait UIInterfaceOrientationPortraitUpsideDown UIInterfaceOrientationLandscapeLeft UIInterfaceOrientationLandscapeRight";
				INFOPLIST_KEY_UISupportedInterfaceOrientations_iPhone = "UIInterfaceOrientationPortrait UIInterfaceOrientationLandscapeLeft UIInterfaceOrientationLandscapeRight";
				LD_RUNPATH_SEARCH_PATHS = (
					"$(inherited)",
					"@executable_path/Frameworks",
				);
				MARKETING_VERSION = 1.0;
				PRODUCT_BUNDLE_IDENTIFIER = com.ahmedfathy.SwiftfulMapApp;
				PRODUCT_NAME = "$(TARGET_NAME)";
				SWIFT_EMIT_LOC_STRINGS = YES;
				SWIFT_VERSION = 5.0;
				TARGETED_DEVICE_FAMILY = "1,2";
			};
			name = Release;
		};
/* End XCBuildConfiguration section */

/* Begin XCConfigurationList section */
		003E8A632ABC8B3800B0FFFD /* Build configuration list for PBXProject "SwiftfulMapApp" */ = {
			isa = XCConfigurationList;
			buildConfigurations = (
				003E8A742ABC8B3900B0FFFD /* Debug */,
				003E8A752ABC8B3900B0FFFD /* Release */,
			);
			defaultConfigurationIsVisible = 0;
			defaultConfigurationName = Release;
		};
		003E8A762ABC8B3900B0FFFD /* Build configuration list for PBXNativeTarget "SwiftfulMapApp" */ = {
			isa = XCConfigurationList;
			buildConfigurations = (
				003E8A772ABC8B3900B0FFFD /* Debug */,
				003E8A782ABC8B3900B0FFFD /* Release */,
			);
			defaultConfigurationIsVisible = 0;
			defaultConfigurationName = Release;
		};
/* End XCConfigurationList section */
	};
	rootObject = 003E8A602ABC8B3800B0FFFD /* Project object */;
}
